{
  "meteor": {},
  "dependencies": {
    "basePackages": {
      "simple-schema": {},
      "underscore-string": {},
      "underscore-string-latest": {},
      "moment": {},
      "iron-router": {
        "git": "https://github.com/EventedMind/iron-router.git",
        "branch": "dev"
      },
      "meteor-lunr": {
        "git": "https://github.com/electricjesus/meteor-lunr.git",
        "branch": "master"
      },
      "iron-router-resource": {},
      "blog": {},
      "collection-hooks": {},
      "iron-router-progress": {}
    },
    "packages": {
      "simple-schema": {
        "git": "https://github.com/aldeed/meteor-simple-schema.git",
        "tag": "v0.2.10",
        "commit": "64d41a9ec7f220ecc63d22a5f1056c5926651b82"
      },
      "underscore-string": {
        "git": "https://github.com/possibilities/meteor-underscore-string.git",
        "tag": "v2.2.0rc.1",
        "commit": "dec21fac23310daf76dc19f246749e7beb48af03"
      },
      "underscore-string-latest": {
        "git": "https://github.com/TimHeckel/meteor-underscore-string.git",
        "tag": "v2.3.3",
        "commit": "4a5d70eee48fbd90a6e6fc78747250d704a0b3bb"
      },
      "moment": {
        "git": "https://github.com/acreeger/meteor-moment.git",
        "tag": "v2.2.1",
        "commit": "9ee12e714afe56b189f53076447b7b54f3012065"
      },
      "iron-router": {
        "git": "https://github.com/EventedMind/iron-router.git",
        "branch": "dev",
        "commit": "13d0007ee9dfa1a111a0e55eedcf002c593f5489"
      },
      "meteor-lunr": {
        "git": "https://github.com/electricjesus/meteor-lunr.git",
        "branch": "master",
        "commit": "0401cf2bc169eb1e0790cd25e7a0341cdc8fa69e"
      },
      "iron-router-resource": {
        "git": "https://github.com/XpressiveCode/iron-router-resource.git",
        "tag": "v0.1.8.1",
        "commit": "9d447847c355ef0c7c4d10e21926df88e6f7b407"
      },
      "blog": {
        "git": "https://github.com/BeDifferential/meteor-blog.git",
        "tag": "v0.0.1",
        "commit": "513f96964c6040722cfb278c920c62da3e7bdcf8"
      },
      "collection-hooks": {
        "git": "https://github.com/matb33/meteor-collection-hooks.git",
        "tag": "v0.5.4",
        "commit": "7f286358af49ffc1a63e97354f2f306a911bacc0"
      },
      "iron-router-progress": {
        "git": "https://github.com/Multiply/iron-router-progress.git",
        "tag": "v0.0.6",
        "commit": "ea736acd165a5fa87f0b018268b958a5c87ae76e"
      }
    }
  }
}
